{
  "name": "subtranslate",
  "version": "1.0.0",
  "lockfileVersion": 2,
  "requires": true,
  "packages": {
    "": {
      "name": "subtranslate",
      "version": "1.0.0",
      "license": "MIT",
      "devDependencies": {},
      "engines": {
        "brave": ">=1.0.0",
        "chrome": ">=90.0.0"
      }
    }
  }
}
